Microsoft Visual Studio Solution File, Format Version 12.00
# Visual Studio Version 17
VisualStudioVersion = 17.5.2.0
MinimumVisualStudioVersion = 10.0.40219.1
Project("{FAE04EC0-301F-11D3-BF4B-00C04F79EFBC}") = "SalesForceSync", "SalesForceSync.csproj", "{D441469E-5440-987E-0B65-94A79BB1FDF8}"
EndProject
Project("{FAE04EC0-301F-11D3-BF4B-00C04F79EFBC}") = "SalesForceSync.Tests", "SalesForceSync.Tests\SalesForceSync.Tests.csproj", "{A4A11EB3-E2E5-9B10-D61A-10E51F430E4B}"
EndProject
Global
	GlobalSection(SolutionConfigurationPlatforms) = preSolution
		Debug|Any CPU = Debug|Any CPU
		Release|Any CPU = Release|Any CPU
	EndGlobalSection
	GlobalSection(ProjectConfigurationPlatforms) = postSolution
		{D441469E-5440-987E-0B65-94A79BB1FDF8}.Debug|Any CPU.ActiveCfg = Debug|Any CPU
		{D441469E-5440-987E-0B65-94A79BB1FDF8}.Debug|Any CPU.Build.0 = Debug|Any CPU
		{D441469E-5440-987E-0B65-94A79BB1FDF8}.Release|Any CPU.ActiveCfg = Release|Any CPU
		{D441469E-5440-987E-0B65-94A79BB1FDF8}.Release|Any CPU.Build.0 = Release|Any CPU
		{A4A11EB3-E2E5-9B10-D61A-10E51F430E4B}.Debug|Any CPU.ActiveCfg = Debug|Any CPU
		{A4A11EB3-E2E5-9B10-D61A-10E51F430E4B}.Debug|Any CPU.Build.0 = Debug|Any CPU
		{A4A11EB3-E2E5-9B10-D61A-10E51F430E4B}.Release|Any CPU.ActiveCfg = Release|Any CPU
		{A4A11EB3-E2E5-9B10-D61A-10E51F430E4B}.Release|Any CPU.Build.0 = Release|Any CPU
	EndGlobalSection
	GlobalSection(SolutionProperties) = preSolution
		HideSolutionNode = FALSE
	EndGlobalSection
	GlobalSection(ExtensibilityGlobals) = postSolution
		SolutionGuid = {8B023DA8-0B10-49C8-8353-4C4EF996DCB9}
	EndGlobalSection
EndGlobal
